
Microsoft Visual Studio Solution File, Format Version 12.00
# Visual Studio Version 17
VisualStudioVersion = 17.4.33213.308
MinimumVisualStudioVersion = 10.0.40219.1
Project("{FAE04EC0-301F-11D3-BF4B-00C04F79EFBC}") = "Graphics4Proj", "Graphics4Proj\Graphics4Proj.csproj", "{263B7C33-CFAC-4C5F-A112-7285B430CA20}"
EndProject
Global
	GlobalSection(SolutionConfigurationPlatforms) = preSolution
		Debug|Any CPU = Debug|Any CPU
		Release|Any CPU = Release|Any CPU
	EndGlobalSection
	GlobalSection(ProjectConfigurationPlatforms) = postSolution
		{263B7C33-CFAC-4C5F-A112-7285B430CA20}.Debug|Any CPU.ActiveCfg = Debug|Any CPU
		{263B7C33-CFAC-4C5F-A112-7285B430CA20}.Debug|Any CPU.Build.0 = Debug|Any CPU
		{263B7C33-CFAC-4C5F-A112-7285B430CA20}.Release|Any CPU.ActiveCfg = Release|Any CPU
		{263B7C33-CFAC-4C5F-A112-7285B430CA20}.Release|Any CPU.Build.0 = Release|Any CPU
	EndGlobalSection
	GlobalSection(SolutionProperties) = preSolution
		HideSolutionNode = FALSE
	EndGlobalSection
	GlobalSection(ExtensibilityGlobals) = postSolution
		SolutionGuid = {A600F2F0-49C4-4C72-B34F-6BDA5D1325E3}
	EndGlobalSection
EndGlobal
